
Microsoft Visual Studio Solution File, Format Version 12.00
# Visual Studio 2012
Project("{E24C65DC-7377-472B-9ABA-BC803B73C61A}") = "RuffCoWebJetReservationSystem", "http://localhost:49546", "{7D8255C2-8318-4D2E-93DA-8C9D858B62C7}"
	ProjectSection(WebsiteProperties) = preProject
		UseIISExpress = "true"
		TargetFrameworkMoniker = ".NETFramework,Version%3Dv4.0"
		Debug.AspNetCompiler.VirtualPath = "/localhost_49546"
		Debug.AspNetCompiler.PhysicalPath = "..\RuffCoWebJetReservationSystem\"
		Debug.AspNetCompiler.TargetPath = "PrecompiledWeb\localhost_49546\"
		Debug.AspNetCompiler.Updateable = "true"
		Debug.AspNetCompiler.ForceOverwrite = "true"
		Debug.AspNetCompiler.FixedNames = "false"
		Debug.AspNetCompiler.Debug = "True"
		Release.AspNetCompiler.VirtualPath = "/localhost_49546"
		Release.AspNetCompiler.PhysicalPath = "..\RuffCoWebJetReservationSystem\"
		Release.AspNetCompiler.TargetPath = "PrecompiledWeb\localhost_49546\"
		Release.AspNetCompiler.Updateable = "true"
		Release.AspNetCompiler.ForceOverwrite = "true"
		Release.AspNetCompiler.FixedNames = "false"
		Release.AspNetCompiler.Debug = "False"
		SlnRelativePath = "..\RuffCoWebJetReservationSystem\"
	EndProjectSection
EndProject
Project("{E24C65DC-7377-472B-9ABA-BC803B73C61A}") = "Ruffco.com", "..\..\..\..\Desktop\TeamMefford-d5400b741403c8f414fb5c0244abbcd815b29dfd\Ruffco.com\", "{03BB1320-3DF2-4F26-BBC8-DCCF0DACE4A3}"
	ProjectSection(WebsiteProperties) = preProject
		TargetFrameworkMoniker = ".NETFramework,Version%3Dv4.5"
		Debug.AspNetCompiler.VirtualPath = "/Ruffco.com"
		Debug.AspNetCompiler.PhysicalPath = "..\..\..\..\Desktop\TeamMefford-d5400b741403c8f414fb5c0244abbcd815b29dfd\Ruffco.com\"
		Debug.AspNetCompiler.TargetPath = "PrecompiledWeb\Ruffco.com\"
		Debug.AspNetCompiler.Updateable = "true"
		Debug.AspNetCompiler.ForceOverwrite = "true"
		Debug.AspNetCompiler.FixedNames = "false"
		Debug.AspNetCompiler.Debug = "True"
		Release.AspNetCompiler.VirtualPath = "/Ruffco.com"
		Release.AspNetCompiler.PhysicalPath = "..\..\..\..\Desktop\TeamMefford-d5400b741403c8f414fb5c0244abbcd815b29dfd\Ruffco.com\"
		Release.AspNetCompiler.TargetPath = "PrecompiledWeb\Ruffco.com\"
		Release.AspNetCompiler.Updateable = "true"
		Release.AspNetCompiler.ForceOverwrite = "true"
		Release.AspNetCompiler.FixedNames = "false"
		Release.AspNetCompiler.Debug = "False"
		VWDPort = "58666"
	EndProjectSection
EndProject
Global
	GlobalSection(SolutionConfigurationPlatforms) = preSolution
		Debug|Any CPU = Debug|Any CPU
	EndGlobalSection
	GlobalSection(ProjectConfigurationPlatforms) = postSolution
		{7D8255C2-8318-4D2E-93DA-8C9D858B62C7}.Debug|Any CPU.ActiveCfg = Debug|Any CPU
		{7D8255C2-8318-4D2E-93DA-8C9D858B62C7}.Debug|Any CPU.Build.0 = Debug|Any CPU
		{03BB1320-3DF2-4F26-BBC8-DCCF0DACE4A3}.Debug|Any CPU.ActiveCfg = Debug|Any CPU
		{03BB1320-3DF2-4F26-BBC8-DCCF0DACE4A3}.Debug|Any CPU.Build.0 = Debug|Any CPU
	EndGlobalSection
	GlobalSection(SolutionProperties) = preSolution
		HideSolutionNode = FALSE
	EndGlobalSection
EndGlobal
